// !$*UTF8*$!
{
	archiveVersion = 1;
	classes = {
	};
	objectVersion = 50;
	objects = {

/* Begin PBXBuildFile section */
		0410E7C623A7FABF00916D5B /* Day16VC.swift in Sources */ = {isa = PBXBuildFile; fileRef = 0410E7C523A7FABF00916D5B /* Day16VC.swift */; };
		0410E7C823A7FAC800916D5B /* Day16Input in Resources */ = {isa = PBXBuildFile; fileRef = 0410E7C723A7FAC800916D5B /* Day16Input */; };
		0410E7CB23A9484400916D5B /* Day17VC.swift in Sources */ = {isa = PBXBuildFile; fileRef = 0410E7CA23A9484400916D5B /* Day17VC.swift */; };
		0410E7CD23A9484F00916D5B /* Day17Input in Resources */ = {isa = PBXBuildFile; fileRef = 0410E7CC23A9484F00916D5B /* Day17Input */; };
		0410E7D523AB8B0B00916D5B /* Day19VC.swift in Sources */ = {isa = PBXBuildFile; fileRef = 0410E7D423AB8B0B00916D5B /* Day19VC.swift */; };
		0410E7D723AB8B2B00916D5B /* Day19Input in Resources */ = {isa = PBXBuildFile; fileRef = 0410E7D623AB8B2B00916D5B /* Day19Input */; };
		045B0082239FAFEA001D4C03 /* Day10VC.swift in Sources */ = {isa = PBXBuildFile; fileRef = 045B0081239FAFEA001D4C03 /* Day10VC.swift */; };
		045B0084239FB033001D4C03 /* Day10Input in Resources */ = {isa = PBXBuildFile; fileRef = 045B0083239FB033001D4C03 /* Day10Input */; };
		04666DC9239858C7002B408C /* Day05Input_2018 in Resources */ = {isa = PBXBuildFile; fileRef = 04666DC8239858C7002B408C /* Day05Input_2018 */; };
		04666DCC2398C430002B408C /* Day05VC.swift in Sources */ = {isa = PBXBuildFile; fileRef = 04666DCB2398C430002B408C /* Day05VC.swift */; };
		04666DCE2398C483002B408C /* Day05Input in Resources */ = {isa = PBXBuildFile; fileRef = 04666DCD2398C483002B408C /* Day05Input */; };
		04666DD62399B4F3002B408C /* Day06VC.swift in Sources */ = {isa = PBXBuildFile; fileRef = 04666DD52399B4F3002B408C /* Day06VC.swift */; };
		04666DD82399B535002B408C /* Day06Input in Resources */ = {isa = PBXBuildFile; fileRef = 04666DD72399B535002B408C /* Day06Input */; };
		047095E023A3F1B700D1E9EC /* Day13VC.swift in Sources */ = {isa = PBXBuildFile; fileRef = 047095DF23A3F1B700D1E9EC /* Day13VC.swift */; };
		047095E223A3F1C100D1E9EC /* Day13Input in Resources */ = {isa = PBXBuildFile; fileRef = 047095E123A3F1C100D1E9EC /* Day13Input */; };
		047095E523A5006500D1E9EC /* Day14VC.swift in Sources */ = {isa = PBXBuildFile; fileRef = 047095E423A5006500D1E9EC /* Day14VC.swift */; };
		047095E723A5008A00D1E9EC /* Day14Input in Resources */ = {isa = PBXBuildFile; fileRef = 047095E623A5008A00D1E9EC /* Day14Input */; };
		0470DA3F2392DC6400DDAFCB /* AppDelegate.swift in Sources */ = {isa = PBXBuildFile; fileRef = 0470DA3E2392DC6400DDAFCB /* AppDelegate.swift */; };
		0470DA412392DC6400DDAFCB /* SceneDelegate.swift in Sources */ = {isa = PBXBuildFile; fileRef = 0470DA402392DC6400DDAFCB /* SceneDelegate.swift */; };
		0470DA432392DC6400DDAFCB /* Overview2019ViewController.swift in Sources */ = {isa = PBXBuildFile; fileRef = 0470DA422392DC6400DDAFCB /* Overview2019ViewController.swift */; };
		0470DA462392DC6400DDAFCB /* Main.storyboard in Resources */ = {isa = PBXBuildFile; fileRef = 0470DA442392DC6400DDAFCB /* Main.storyboard */; };
		0470DA482392DC6500DDAFCB /* Assets.xcassets in Resources */ = {isa = PBXBuildFile; fileRef = 0470DA472392DC6500DDAFCB /* Assets.xcassets */; };
		0470DA4B2392DC6500DDAFCB /* LaunchScreen.storyboard in Resources */ = {isa = PBXBuildFile; fileRef = 0470DA492392DC6500DDAFCB /* LaunchScreen.storyboard */; };
		0470DA542392DD0A00DDAFCB /* UIView+Ext.swift in Sources */ = {isa = PBXBuildFile; fileRef = 0470DA532392DD0A00DDAFCB /* UIView+Ext.swift */; };
		0470DA572392E0CB00DDAFCB /* Day01VC.swift in Sources */ = {isa = PBXBuildFile; fileRef = 0470DA562392E0CB00DDAFCB /* Day01VC.swift */; };
		0470DA592392E19900DDAFCB /* Day01Input in Resources */ = {isa = PBXBuildFile; fileRef = 0470DA582392E19900DDAFCB /* Day01Input */; };
		0470DA5B2392E48A00DDAFCB /* FileLoader.swift in Sources */ = {isa = PBXBuildFile; fileRef = 0470DA5A2392E48A00DDAFCB /* FileLoader.swift */; };
		0470DA612393D3EF00DDAFCB /* AoCVC.swift in Sources */ = {isa = PBXBuildFile; fileRef = 0470DA602393D3EF00DDAFCB /* AoCVC.swift */; };
		0470DA632393DD1C00DDAFCB /* Math.swift in Sources */ = {isa = PBXBuildFile; fileRef = 0470DA622393DD1C00DDAFCB /* Math.swift */; };
		0470DA662393E30900DDAFCB /* Day02VC.swift in Sources */ = {isa = PBXBuildFile; fileRef = 0470DA652393E30900DDAFCB /* Day02VC.swift */; };
		0470DA6923943CDD00DDAFCB /* Overview2018ViewController.swift in Sources */ = {isa = PBXBuildFile; fileRef = 0470DA6823943CDD00DDAFCB /* Overview2018ViewController.swift */; };
		0470DA6B23943D0700DDAFCB /* Day01VC_2018.swift in Sources */ = {isa = PBXBuildFile; fileRef = 0470DA6A23943D0700DDAFCB /* Day01VC_2018.swift */; };
		0470DA6D2394461800DDAFCB /* Day1Input_2018 in Resources */ = {isa = PBXBuildFile; fileRef = 0470DA6C2394461800DDAFCB /* Day1Input_2018 */; };
		0470DA712394495300DDAFCB /* Day02VC_2018.swift in Sources */ = {isa = PBXBuildFile; fileRef = 0470DA702394495300DDAFCB /* Day02VC_2018.swift */; };
		0470DA7323944C9500DDAFCB /* Day2Input_2018 in Resources */ = {isa = PBXBuildFile; fileRef = 0470DA7223944C9500DDAFCB /* Day2Input_2018 */; };
		0470DA762394516F00DDAFCB /* Day03VC_2018.swift in Sources */ = {isa = PBXBuildFile; fileRef = 0470DA752394516F00DDAFCB /* Day03VC_2018.swift */; };
		0470DA78239455A800DDAFCB /* Day03Input_2018 in Resources */ = {isa = PBXBuildFile; fileRef = 0470DA77239455A800DDAFCB /* Day03Input_2018 */; };
		0470DA7D2394D6FC00DDAFCB /* Day02Input in Resources */ = {isa = PBXBuildFile; fileRef = 0470DA7C2394D6FC00DDAFCB /* Day02Input */; };
		048534F123AE837B005387AE /* Day20VC.swift in Sources */ = {isa = PBXBuildFile; fileRef = 048534F023AE837B005387AE /* Day20VC.swift */; };
		048534F323AE83BB005387AE /* Day20Input in Resources */ = {isa = PBXBuildFile; fileRef = 048534F223AE83BB005387AE /* Day20Input */; };
		049234E623A16B6900697D9D /* IntImage.swift in Sources */ = {isa = PBXBuildFile; fileRef = 049234E523A16B6900697D9D /* IntImage.swift */; };
		0496B4A423A0DF9700501D2F /* Day11VC.swift in Sources */ = {isa = PBXBuildFile; fileRef = 0496B4A323A0DF9700501D2F /* Day11VC.swift */; };
		0496B4A623A0E34000501D2F /* Day11Input in Resources */ = {isa = PBXBuildFile; fileRef = 0496B4A523A0E34000501D2F /* Day11Input */; };
		049899AC23A19F85004CF0FB /* Direction.swift in Sources */ = {isa = PBXBuildFile; fileRef = 049899AB23A19F85004CF0FB /* Direction.swift */; };
		049899AF23A22134004CF0FB /* Day12VC.swift in Sources */ = {isa = PBXBuildFile; fileRef = 049899AE23A22134004CF0FB /* Day12VC.swift */; };
		049899B523A22A93004CF0FB /* Day12Input in Resources */ = {isa = PBXBuildFile; fileRef = 049899B423A22A93004CF0FB /* Day12Input */; };
		049925D223A2F068004C840F /* Day06VC_2018.swift in Sources */ = {isa = PBXBuildFile; fileRef = 049925D123A2F068004C840F /* Day06VC_2018.swift */; };
		049925D423A2FD0D004C840F /* Day06Input_2018 in Resources */ = {isa = PBXBuildFile; fileRef = 049925D323A2FD0D004C840F /* Day06Input_2018 */; };
		04B566B323A6E211003DABA0 /* IntAStar.swift in Sources */ = {isa = PBXBuildFile; fileRef = 04B566B223A6E211003DABA0 /* IntAStar.swift */; };
		04B9332F239BFFD400B543A7 /* Day07VC.swift in Sources */ = {isa = PBXBuildFile; fileRef = 04B9332E239BFFD400B543A7 /* Day07VC.swift */; };
		04B93331239BFFE300B543A7 /* Day07Input in Resources */ = {isa = PBXBuildFile; fileRef = 04B93330239BFFE300B543A7 /* Day07Input */; };
		04B93333239C859400B543A7 /* Misc.swift in Sources */ = {isa = PBXBuildFile; fileRef = 04B93332239C859400B543A7 /* Misc.swift */; };
		04B93335239C8E2F00B543A7 /* Node.swift in Sources */ = {isa = PBXBuildFile; fileRef = 04B93334239C8E2F00B543A7 /* Node.swift */; };
		04BB05B023A66D2E0080DFC1 /* Day15VC.swift in Sources */ = {isa = PBXBuildFile; fileRef = 04BB05AF23A66D2E0080DFC1 /* Day15VC.swift */; };
		04BB05B223A670FF0080DFC1 /* Day15Input in Resources */ = {isa = PBXBuildFile; fileRef = 04BB05B123A670FF0080DFC1 /* Day15Input */; };
		04CDAB0323962299006CB388 /* Day03VC.swift in Sources */ = {isa = PBXBuildFile; fileRef = 04CDAB0223962299006CB388 /* Day03VC.swift */; };
		04CDAB05239622BF006CB388 /* Day03Input in Resources */ = {isa = PBXBuildFile; fileRef = 04CDAB04239622BF006CB388 /* Day03Input */; };
		04CDAB072396DE9E006CB388 /* IntPoint.swift in Sources */ = {isa = PBXBuildFile; fileRef = 04CDAB062396DE9E006CB388 /* IntPoint.swift */; };
		04CDAB092396DF5E006CB388 /* IntMachine.swift in Sources */ = {isa = PBXBuildFile; fileRef = 04CDAB082396DF5E006CB388 /* IntMachine.swift */; };
		04CDAB0C2396FA45006CB388 /* Day04VC_2018.swift in Sources */ = {isa = PBXBuildFile; fileRef = 04CDAB0B2396FA45006CB388 /* Day04VC_2018.swift */; };
		04CDAB0E2396FA55006CB388 /* Day04Input_2018 in Resources */ = {isa = PBXBuildFile; fileRef = 04CDAB0D2396FA55006CB388 /* Day04Input_2018 */; };
		04CDAB11239712C9006CB388 /* Day04VC.swift in Sources */ = {isa = PBXBuildFile; fileRef = 04CDAB10239712C9006CB388 /* Day04VC.swift */; };
		04CDAB152398538B006CB388 /* String+Ext.swift in Sources */ = {isa = PBXBuildFile; fileRef = 04CDAB142398538B006CB388 /* String+Ext.swift */; };
		04CDAB18239853E3006CB388 /* Day05VC_2018.swift in Sources */ = {isa = PBXBuildFile; fileRef = 04CDAB17239853E3006CB388 /* Day05VC_2018.swift */; };
		04D5E91E239D33CB002BCD3B /* Day08VC.swift in Sources */ = {isa = PBXBuildFile; fileRef = 04D5E91D239D33CB002BCD3B /* Day08VC.swift */; };
		04D5E920239D33F9002BCD3B /* Day08Input in Resources */ = {isa = PBXBuildFile; fileRef = 04D5E91F239D33F9002BCD3B /* Day08Input */; };
		04D5E928239E2CB1002BCD3B /* Day09VC.swift in Sources */ = {isa = PBXBuildFile; fileRef = 04D5E927239E2CB1002BCD3B /* Day09VC.swift */; };
		04D5E92A239E2CBC002BCD3B /* Day09Input in Resources */ = {isa = PBXBuildFile; fileRef = 04D5E929239E2CBC002BCD3B /* Day09Input */; };
/* End PBXBuildFile section */

/* Begin PBXFileReference section */
		0410E7C523A7FABF00916D5B /* Day16VC.swift */ = {isa = PBXFileReference; lastKnownFileType = sourcecode.swift; path = Day16VC.swift; sourceTree = "<group>"; };
		0410E7C723A7FAC800916D5B /* Day16Input */ = {isa = PBXFileReference; lastKnownFileType = text; path = Day16Input; sourceTree = "<group>"; };
		0410E7CA23A9484400916D5B /* Day17VC.swift */ = {isa = PBXFileReference; lastKnownFileType = sourcecode.swift; path = Day17VC.swift; sourceTree = "<group>"; };
		0410E7CC23A9484F00916D5B /* Day17Input */ = {isa = PBXFileReference; lastKnownFileType = text; path = Day17Input; sourceTree = "<group>"; };
		0410E7D423AB8B0B00916D5B /* Day19VC.swift */ = {isa = PBXFileReference; lastKnownFileType = sourcecode.swift; path = Day19VC.swift; sourceTree = "<group>"; };
		0410E7D623AB8B2B00916D5B /* Day19Input */ = {isa = PBXFileReference; lastKnownFileType = text; path = Day19Input; sourceTree = "<group>"; };
		045B0081239FAFEA001D4C03 /* Day10VC.swift */ = {isa = PBXFileReference; lastKnownFileType = sourcecode.swift; path = Day10VC.swift; sourceTree = "<group>"; };
		045B0083239FB033001D4C03 /* Day10Input */ = {isa = PBXFileReference; lastKnownFileType = text; path = Day10Input; sourceTree = "<group>"; };
		04666DC8239858C7002B408C /* Day05Input_2018 */ = {isa = PBXFileReference; lastKnownFileType = text; path = Day05Input_2018; sourceTree = "<group>"; };
		04666DCB2398C430002B408C /* Day05VC.swift */ = {isa = PBXFileReference; lastKnownFileType = sourcecode.swift; path = Day05VC.swift; sourceTree = "<group>"; };
		04666DCD2398C483002B408C /* Day05Input */ = {isa = PBXFileReference; lastKnownFileType = text; path = Day05Input; sourceTree = "<group>"; };
		04666DD52399B4F3002B408C /* Day06VC.swift */ = {isa = PBXFileReference; lastKnownFileType = sourcecode.swift; path = Day06VC.swift; sourceTree = "<group>"; };
		04666DD72399B535002B408C /* Day06Input */ = {isa = PBXFileReference; lastKnownFileType = text; path = Day06Input; sourceTree = "<group>"; };
		047095DF23A3F1B700D1E9EC /* Day13VC.swift */ = {isa = PBXFileReference; lastKnownFileType = sourcecode.swift; path = Day13VC.swift; sourceTree = "<group>"; };
		047095E123A3F1C100D1E9EC /* Day13Input */ = {isa = PBXFileReference; lastKnownFileType = text; path = Day13Input; sourceTree = "<group>"; };
		047095E423A5006500D1E9EC /* Day14VC.swift */ = {isa = PBXFileReference; lastKnownFileType = sourcecode.swift; path = Day14VC.swift; sourceTree = "<group>"; };
		047095E623A5008A00D1E9EC /* Day14Input */ = {isa = PBXFileReference; lastKnownFileType = text; path = Day14Input; sourceTree = "<group>"; };
		0470DA3B2392DC6400DDAFCB /* AdventOfCode2019.app */ = {isa = PBXFileReference; explicitFileType = wrapper.application; includeInIndex = 0; path = AdventOfCode2019.app; sourceTree = BUILT_PRODUCTS_DIR; };
		0470DA3E2392DC6400DDAFCB /* AppDelegate.swift */ = {isa = PBXFileReference; lastKnownFileType = sourcecode.swift; path = AppDelegate.swift; sourceTree = "<group>"; };
		0470DA402392DC6400DDAFCB /* SceneDelegate.swift */ = {isa = PBXFileReference; lastKnownFileType = sourcecode.swift; path = SceneDelegate.swift; sourceTree = "<group>"; };
		0470DA422392DC6400DDAFCB /* Overview2019ViewController.swift */ = {isa = PBXFileReference; lastKnownFileType = sourcecode.swift; path = Overview2019ViewController.swift; sourceTree = "<group>"; };
		0470DA452392DC6400DDAFCB /* Base */ = {isa = PBXFileReference; lastKnownFileType = file.storyboard; name = Base; path = Base.lproj/Main.storyboard; sourceTree = "<group>"; };
		0470DA472392DC6500DDAFCB /* Assets.xcassets */ = {isa = PBXFileReference; lastKnownFileType = folder.assetcatalog; path = Assets.xcassets; sourceTree = "<group>"; };
		0470DA4A2392DC6500DDAFCB /* Base */ = {isa = PBXFileReference; lastKnownFileType = file.storyboard; name = Base; path = Base.lproj/LaunchScreen.storyboard; sourceTree = "<group>"; };
		0470DA4C2392DC6500DDAFCB /* Info.plist */ = {isa = PBXFileReference; lastKnownFileType = text.plist.xml; path = Info.plist; sourceTree = "<group>"; };
		0470DA532392DD0A00DDAFCB /* UIView+Ext.swift */ = {isa = PBXFileReference; lastKnownFileType = sourcecode.swift; path = "UIView+Ext.swift"; sourceTree = "<group>"; };
		0470DA562392E0CB00DDAFCB /* Day01VC.swift */ = {isa = PBXFileReference; lastKnownFileType = sourcecode.swift; path = Day01VC.swift; sourceTree = "<group>"; };
		0470DA582392E19900DDAFCB /* Day01Input */ = {isa = PBXFileReference; lastKnownFileType = text; path = Day01Input; sourceTree = "<group>"; };
		0470DA5A2392E48A00DDAFCB /* FileLoader.swift */ = {isa = PBXFileReference; lastKnownFileType = sourcecode.swift; path = FileLoader.swift; sourceTree = "<group>"; };
		0470DA602393D3EF00DDAFCB /* AoCVC.swift */ = {isa = PBXFileReference; lastKnownFileType = sourcecode.swift; path = AoCVC.swift; sourceTree = "<group>"; };
		0470DA622393DD1C00DDAFCB /* Math.swift */ = {isa = PBXFileReference; lastKnownFileType = sourcecode.swift; path = Math.swift; sourceTree = "<group>"; };
		0470DA652393E30900DDAFCB /* Day02VC.swift */ = {isa = PBXFileReference; lastKnownFileType = sourcecode.swift; path = Day02VC.swift; sourceTree = "<group>"; };
		0470DA6823943CDD00DDAFCB /* Overview2018ViewController.swift */ = {isa = PBXFileReference; lastKnownFileType = sourcecode.swift; path = Overview2018ViewController.swift; sourceTree = "<group>"; };
		0470DA6A23943D0700DDAFCB /* Day01VC_2018.swift */ = {isa = PBXFileReference; lastKnownFileType = sourcecode.swift; path = Day01VC_2018.swift; sourceTree = "<group>"; };
		0470DA6C2394461800DDAFCB /* Day1Input_2018 */ = {isa = PBXFileReference; lastKnownFileType = text; path = Day1Input_2018; sourceTree = "<group>"; };
		0470DA702394495300DDAFCB /* Day02VC_2018.swift */ = {isa = PBXFileReference; lastKnownFileType = sourcecode.swift; path = Day02VC_2018.swift; sourceTree = "<group>"; };
		0470DA7223944C9500DDAFCB /* Day2Input_2018 */ = {isa = PBXFileReference; lastKnownFileType = text; path = Day2Input_2018; sourceTree = "<group>"; };
		0470DA752394516F00DDAFCB /* Day03VC_2018.swift */ = {isa = PBXFileReference; lastKnownFileType = sourcecode.swift; path = Day03VC_2018.swift; sourceTree = "<group>"; };
		0470DA77239455A800DDAFCB /* Day03Input_2018 */ = {isa = PBXFileReference; lastKnownFileType = text; path = Day03Input_2018; sourceTree = "<group>"; };
		0470DA7C2394D6FC00DDAFCB /* Day02Input */ = {isa = PBXFileReference; lastKnownFileType = text; path = Day02Input; sourceTree = "<group>"; };
		048534F023AE837B005387AE /* Day20VC.swift */ = {isa = PBXFileReference; lastKnownFileType = sourcecode.swift; path = Day20VC.swift; sourceTree = "<group>"; };
		048534F223AE83BB005387AE /* Day20Input */ = {isa = PBXFileReference; lastKnownFileType = text; path = Day20Input; sourceTree = "<group>"; };
		049234E523A16B6900697D9D /* IntImage.swift */ = {isa = PBXFileReference; lastKnownFileType = sourcecode.swift; path = IntImage.swift; sourceTree = "<group>"; };
		0496B4A323A0DF9700501D2F /* Day11VC.swift */ = {isa = PBXFileReference; lastKnownFileType = sourcecode.swift; path = Day11VC.swift; sourceTree = "<group>"; };
		0496B4A523A0E34000501D2F /* Day11Input */ = {isa = PBXFileReference; lastKnownFileType = text; path = Day11Input; sourceTree = "<group>"; };
		049899AB23A19F85004CF0FB /* Direction.swift */ = {isa = PBXFileReference; lastKnownFileType = sourcecode.swift; path = Direction.swift; sourceTree = "<group>"; };
		049899AE23A22134004CF0FB /* Day12VC.swift */ = {isa = PBXFileReference; lastKnownFileType = sourcecode.swift; path = Day12VC.swift; sourceTree = "<group>"; };
		049899B423A22A93004CF0FB /* Day12Input */ = {isa = PBXFileReference; lastKnownFileType = text; path = Day12Input; sourceTree = "<group>"; };
		049925D123A2F068004C840F /* Day06VC_2018.swift */ = {isa = PBXFileReference; lastKnownFileType = sourcecode.swift; path = Day06VC_2018.swift; sourceTree = "<group>"; };
		049925D323A2FD0D004C840F /* Day06Input_2018 */ = {isa = PBXFileReference; lastKnownFileType = text; path = Day06Input_2018; sourceTree = "<group>"; };
		04B566B223A6E211003DABA0 /* IntAStar.swift */ = {isa = PBXFileReference; lastKnownFileType = sourcecode.swift; path = IntAStar.swift; sourceTree = "<group>"; };
		04B9332E239BFFD400B543A7 /* Day07VC.swift */ = {isa = PBXFileReference; lastKnownFileType = sourcecode.swift; path = Day07VC.swift; sourceTree = "<group>"; };
		04B93330239BFFE300B543A7 /* Day07Input */ = {isa = PBXFileReference; lastKnownFileType = text; path = Day07Input; sourceTree = "<group>"; };
		04B93332239C859400B543A7 /* Misc.swift */ = {isa = PBXFileReference; lastKnownFileType = sourcecode.swift; path = Misc.swift; sourceTree = "<group>"; };
		04B93334239C8E2F00B543A7 /* Node.swift */ = {isa = PBXFileReference; lastKnownFileType = sourcecode.swift; path = Node.swift; sourceTree = "<group>"; };
		04BB05AF23A66D2E0080DFC1 /* Day15VC.swift */ = {isa = PBXFileReference; lastKnownFileType = sourcecode.swift; path = Day15VC.swift; sourceTree = "<group>"; };
		04BB05B123A670FF0080DFC1 /* Day15Input */ = {isa = PBXFileReference; lastKnownFileType = text; path = Day15Input; sourceTree = "<group>"; };
		04CDAB0223962299006CB388 /* Day03VC.swift */ = {isa = PBXFileReference; lastKnownFileType = sourcecode.swift; path = Day03VC.swift; sourceTree = "<group>"; };
		04CDAB04239622BF006CB388 /* Day03Input */ = {isa = PBXFileReference; lastKnownFileType = text; path = Day03Input; sourceTree = "<group>"; };
		04CDAB062396DE9E006CB388 /* IntPoint.swift */ = {isa = PBXFileReference; lastKnownFileType = sourcecode.swift; path = IntPoint.swift; sourceTree = "<group>"; };
		04CDAB082396DF5E006CB388 /* IntMachine.swift */ = {isa = PBXFileReference; lastKnownFileType = sourcecode.swift; path = IntMachine.swift; sourceTree = "<group>"; };
		04CDAB0B2396FA45006CB388 /* Day04VC_2018.swift */ = {isa = PBXFileReference; lastKnownFileType = sourcecode.swift; path = Day04VC_2018.swift; sourceTree = "<group>"; };
		04CDAB0D2396FA55006CB388 /* Day04Input_2018 */ = {isa = PBXFileReference; lastKnownFileType = text; path = Day04Input_2018; sourceTree = "<group>"; };
		04CDAB10239712C9006CB388 /* Day04VC.swift */ = {isa = PBXFileReference; lastKnownFileType = sourcecode.swift; path = Day04VC.swift; sourceTree = "<group>"; };
		04CDAB142398538B006CB388 /* String+Ext.swift */ = {isa = PBXFileReference; lastKnownFileType = sourcecode.swift; path = "String+Ext.swift"; sourceTree = "<group>"; };
		04CDAB17239853E3006CB388 /* Day05VC_2018.swift */ = {isa = PBXFileReference; lastKnownFileType = sourcecode.swift; path = Day05VC_2018.swift; sourceTree = "<group>"; };
		04D5E91D239D33CB002BCD3B /* Day08VC.swift */ = {isa = PBXFileReference; lastKnownFileType = sourcecode.swift; path = Day08VC.swift; sourceTree = "<group>"; };
		04D5E91F239D33F9002BCD3B /* Day08Input */ = {isa = PBXFileReference; lastKnownFileType = text; path = Day08Input; sourceTree = "<group>"; };
		04D5E927239E2CB1002BCD3B /* Day09VC.swift */ = {isa = PBXFileReference; lastKnownFileType = sourcecode.swift; path = Day09VC.swift; sourceTree = "<group>"; };
		04D5E929239E2CBC002BCD3B /* Day09Input */ = {isa = PBXFileReference; lastKnownFileType = text; path = Day09Input; sourceTree = "<group>"; };
/* End PBXFileReference section */

/* Begin PBXFrameworksBuildPhase section */
		0470DA382392DC6400DDAFCB /* Frameworks */ = {
			isa = PBXFrameworksBuildPhase;
			buildActionMask = 2147483647;
			files = (
			);
			runOnlyForDeploymentPostprocessing = 0;
		};
/* End PBXFrameworksBuildPhase section */

/* Begin PBXGroup section */
		0403AC4A23A7FA9900BF7881 /* Day16 */ = {
			isa = PBXGroup;
			children = (
				0410E7C523A7FABF00916D5B /* Day16VC.swift */,
				0410E7C723A7FAC800916D5B /* Day16Input */,
			);
			path = Day16;
			sourceTree = "<group>";
		};
		0410E7C923A9482E00916D5B /* Day17 */ = {
			isa = PBXGroup;
			children = (
				0410E7CA23A9484400916D5B /* Day17VC.swift */,
				0410E7CC23A9484F00916D5B /* Day17Input */,
			);
			path = Day17;
			sourceTree = "<group>";
		};
		0410E7D323AB8AFD00916D5B /* Day19 */ = {
			isa = PBXGroup;
			children = (
				0410E7D423AB8B0B00916D5B /* Day19VC.swift */,
				0410E7D623AB8B2B00916D5B /* Day19Input */,
			);
			path = Day19;
			sourceTree = "<group>";
		};
		045B0080239FAFD9001D4C03 /* Day10 */ = {
			isa = PBXGroup;
			children = (
				045B0081239FAFEA001D4C03 /* Day10VC.swift */,
				045B0083239FB033001D4C03 /* Day10Input */,
			);
			path = Day10;
			sourceTree = "<group>";
		};
		04666DCA2398C41E002B408C /* Day05 */ = {
			isa = PBXGroup;
			children = (
				04666DCB2398C430002B408C /* Day05VC.swift */,
				04666DCD2398C483002B408C /* Day05Input */,
			);
			path = Day05;
			sourceTree = "<group>";
		};
		04666DD42399B4DC002B408C /* Day06 */ = {
			isa = PBXGroup;
			children = (
				04666DD52399B4F3002B408C /* Day06VC.swift */,
				04666DD72399B535002B408C /* Day06Input */,
			);
			path = Day06;
			sourceTree = "<group>";
		};
		047095DE23A3F1A900D1E9EC /* Day13 */ = {
			isa = PBXGroup;
			children = (
				047095DF23A3F1B700D1E9EC /* Day13VC.swift */,
				047095E123A3F1C100D1E9EC /* Day13Input */,
			);
			path = Day13;
			sourceTree = "<group>";
		};
		047095E323A5005200D1E9EC /* Day14 */ = {
			isa = PBXGroup;
			children = (
				047095E423A5006500D1E9EC /* Day14VC.swift */,
				047095E623A5008A00D1E9EC /* Day14Input */,
			);
			path = Day14;
			sourceTree = "<group>";
		};
		0470DA322392DC6400DDAFCB = {
			isa = PBXGroup;
			children = (
				0470DA3D2392DC6400DDAFCB /* AdventOfCode2019 */,
				0470DA3C2392DC6400DDAFCB /* Products */,
			);
			sourceTree = "<group>";
		};
		0470DA3C2392DC6400DDAFCB /* Products */ = {
			isa = PBXGroup;
			children = (
				0470DA3B2392DC6400DDAFCB /* AdventOfCode2019.app */,
			);
			name = Products;
			sourceTree = "<group>";
		};
		0470DA3D2392DC6400DDAFCB /* AdventOfCode2019 */ = {
			isa = PBXGroup;
			children = (
				0470DA6723943C9F00DDAFCB /* 2018 */,
				0470DA552392E0BC00DDAFCB /* Day01 */,
				0470DA642393E2FD00DDAFCB /* Day02 */,
				04CDAB0123962285006CB388 /* Day03 */,
				04CDAB0F239712B5006CB388 /* Day04 */,
				04666DCA2398C41E002B408C /* Day05 */,
				04666DD42399B4DC002B408C /* Day06 */,
				04B9332D239BFFC600B543A7 /* Day07 */,
				04D5E91C239D33BA002BCD3B /* Day08 */,
				04D5E926239E2CA2002BCD3B /* Day09 */,
				045B0080239FAFD9001D4C03 /* Day10 */,
				0496B4A223A0DF8800501D2F /* Day11 */,
				049899AD23A2211E004CF0FB /* Day12 */,
				047095DE23A3F1A900D1E9EC /* Day13 */,
				047095E323A5005200D1E9EC /* Day14 */,
				04BB05AE23A66D180080DFC1 /* Day15 */,
				0403AC4A23A7FA9900BF7881 /* Day16 */,
				0410E7C923A9482E00916D5B /* Day17 */,
				0410E7D323AB8AFD00916D5B /* Day19 */,
				048534EF23AE836D005387AE /* Day20 */,
				0470DA522392DD0000DDAFCB /* Helpers */,
				0470DA3E2392DC6400DDAFCB /* AppDelegate.swift */,
				0470DA402392DC6400DDAFCB /* SceneDelegate.swift */,
				0470DA422392DC6400DDAFCB /* Overview2019ViewController.swift */,
				0470DA442392DC6400DDAFCB /* Main.storyboard */,
				0470DA472392DC6500DDAFCB /* Assets.xcassets */,
				0470DA492392DC6500DDAFCB /* LaunchScreen.storyboard */,
				0470DA4C2392DC6500DDAFCB /* Info.plist */,
			);
			path = AdventOfCode2019;
			sourceTree = "<group>";
		};
		0470DA522392DD0000DDAFCB /* Helpers */ = {
			isa = PBXGroup;
			children = (
				0470DA532392DD0A00DDAFCB /* UIView+Ext.swift */,
				0470DA5A2392E48A00DDAFCB /* FileLoader.swift */,
				0470DA602393D3EF00DDAFCB /* AoCVC.swift */,
				0470DA622393DD1C00DDAFCB /* Math.swift */,
				04CDAB062396DE9E006CB388 /* IntPoint.swift */,
				04CDAB082396DF5E006CB388 /* IntMachine.swift */,
				04CDAB142398538B006CB388 /* String+Ext.swift */,
				04B93332239C859400B543A7 /* Misc.swift */,
				04B93334239C8E2F00B543A7 /* Node.swift */,
				049234E523A16B6900697D9D /* IntImage.swift */,
				049899AB23A19F85004CF0FB /* Direction.swift */,
				04B566B223A6E211003DABA0 /* IntAStar.swift */,
			);
			path = Helpers;
			sourceTree = "<group>";
		};
		0470DA552392E0BC00DDAFCB /* Day01 */ = {
			isa = PBXGroup;
			children = (
				0470DA562392E0CB00DDAFCB /* Day01VC.swift */,
				0470DA582392E19900DDAFCB /* Day01Input */,
			);
			path = Day01;
			sourceTree = "<group>";
		};
		0470DA642393E2FD00DDAFCB /* Day02 */ = {
			isa = PBXGroup;
			children = (
				0470DA652393E30900DDAFCB /* Day02VC.swift */,
				0470DA7C2394D6FC00DDAFCB /* Day02Input */,
			);
			path = Day02;
			sourceTree = "<group>";
		};
		0470DA6723943C9F00DDAFCB /* 2018 */ = {
			isa = PBXGroup;
			children = (
				0470DA6E2394493700DDAFCB /* Day01 */,
				0470DA6F2394494500DDAFCB /* Day02 */,
				0470DA742394515F00DDAFCB /* Day03 */,
				04CDAB0A2396FA34006CB388 /* Day04 */,
				04CDAB16239853D3006CB388 /* Day05 */,
				049925D023A2F051004C840F /* Day06 */,
				0470DA6823943CDD00DDAFCB /* Overview2018ViewController.swift */,
			);
			path = 2018;
			sourceTree = "<group>";
		};
		0470DA6E2394493700DDAFCB /* Day01 */ = {
			isa = PBXGroup;
			children = (
				0470DA6A23943D0700DDAFCB /* Day01VC_2018.swift */,
				0470DA6C2394461800DDAFCB /* Day1Input_2018 */,
			);
			path = Day01;
			sourceTree = "<group>";
		};
		0470DA6F2394494500DDAFCB /* Day02 */ = {
			isa = PBXGroup;
			children = (
				0470DA702394495300DDAFCB /* Day02VC_2018.swift */,
				0470DA7223944C9500DDAFCB /* Day2Input_2018 */,
			);
			path = Day02;
			sourceTree = "<group>";
		};
		0470DA742394515F00DDAFCB /* Day03 */ = {
			isa = PBXGroup;
			children = (
				0470DA752394516F00DDAFCB /* Day03VC_2018.swift */,
				0470DA77239455A800DDAFCB /* Day03Input_2018 */,
			);
			path = Day03;
			sourceTree = "<group>";
		};
		048534EF23AE836D005387AE /* Day20 */ = {
			isa = PBXGroup;
			children = (
				048534F023AE837B005387AE /* Day20VC.swift */,
				048534F223AE83BB005387AE /* Day20Input */,
			);
			path = Day20;
			sourceTree = "<group>";
		};
		0496B4A223A0DF8800501D2F /* Day11 */ = {
			isa = PBXGroup;
			children = (
				0496B4A323A0DF9700501D2F /* Day11VC.swift */,
				0496B4A523A0E34000501D2F /* Day11Input */,
			);
			path = Day11;
			sourceTree = "<group>";
		};
		049899AD23A2211E004CF0FB /* Day12 */ = {
			isa = PBXGroup;
			children = (
				049899AE23A22134004CF0FB /* Day12VC.swift */,
				049899B423A22A93004CF0FB /* Day12Input */,
			);
			path = Day12;
			sourceTree = "<group>";
		};
		049925D023A2F051004C840F /* Day06 */ = {
			isa = PBXGroup;
			children = (
				049925D123A2F068004C840F /* Day06VC_2018.swift */,
				049925D323A2FD0D004C840F /* Day06Input_2018 */,
			);
			path = Day06;
			sourceTree = "<group>";
		};
		04B9332D239BFFC600B543A7 /* Day07 */ = {
			isa = PBXGroup;
			children = (
				04B9332E239BFFD400B543A7 /* Day07VC.swift */,
				04B93330239BFFE300B543A7 /* Day07Input */,
			);
			path = Day07;
			sourceTree = "<group>";
		};
		04BB05AE23A66D180080DFC1 /* Day15 */ = {
			isa = PBXGroup;
			children = (
				04BB05AF23A66D2E0080DFC1 /* Day15VC.swift */,
				04BB05B123A670FF0080DFC1 /* Day15Input */,
			);
			path = Day15;
			sourceTree = "<group>";
		};
		04CDAB0123962285006CB388 /* Day03 */ = {
			isa = PBXGroup;
			children = (
				04CDAB0223962299006CB388 /* Day03VC.swift */,
				04CDAB04239622BF006CB388 /* Day03Input */,
			);
			path = Day03;
			sourceTree = "<group>";
		};
		04CDAB0A2396FA34006CB388 /* Day04 */ = {
			isa = PBXGroup;
			children = (
				04CDAB0B2396FA45006CB388 /* Day04VC_2018.swift */,
				04CDAB0D2396FA55006CB388 /* Day04Input_2018 */,
			);
			path = Day04;
			sourceTree = "<group>";
		};
		04CDAB0F239712B5006CB388 /* Day04 */ = {
			isa = PBXGroup;
			children = (
				04CDAB10239712C9006CB388 /* Day04VC.swift */,
			);
			path = Day04;
			sourceTree = "<group>";
		};
		04CDAB16239853D3006CB388 /* Day05 */ = {
			isa = PBXGroup;
			children = (
				04CDAB17239853E3006CB388 /* Day05VC_2018.swift */,
				04666DC8239858C7002B408C /* Day05Input_2018 */,
			);
			path = Day05;
			sourceTree = "<group>";
		};
		04D5E91C239D33BA002BCD3B /* Day08 */ = {
			isa = PBXGroup;
			children = (
				04D5E91D239D33CB002BCD3B /* Day08VC.swift */,
				04D5E91F239D33F9002BCD3B /* Day08Input */,
			);
			path = Day08;
			sourceTree = "<group>";
		};
		04D5E926239E2CA2002BCD3B /* Day09 */ = {
			isa = PBXGroup;
			children = (
				04D5E927239E2CB1002BCD3B /* Day09VC.swift */,
				04D5E929239E2CBC002BCD3B /* Day09Input */,
			);
			path = Day09;
			sourceTree = "<group>";
		};
/* End PBXGroup section */

/* Begin PBXNativeTarget section */
		0470DA3A2392DC6400DDAFCB /* AdventOfCode2019 */ = {
			isa = PBXNativeTarget;
			buildConfigurationList = 0470DA4F2392DC6500DDAFCB /* Build configuration list for PBXNativeTarget "AdventOfCode2019" */;
			buildPhases = (
				0470DA372392DC6400DDAFCB /* Sources */,
				0470DA382392DC6400DDAFCB /* Frameworks */,
				0470DA392392DC6400DDAFCB /* Resources */,
			);
			buildRules = (
			);
			dependencies = (
			);
			name = AdventOfCode2019;
			productName = AdventOfCode2019;
			productReference = 0470DA3B2392DC6400DDAFCB /* AdventOfCode2019.app */;
			productType = "com.apple.product-type.application";
		};
/* End PBXNativeTarget section */

/* Begin PBXProject section */
		0470DA332392DC6400DDAFCB /* Project object */ = {
			isa = PBXProject;
			attributes = {
				LastSwiftUpdateCheck = 1120;
				LastUpgradeCheck = 1120;
				ORGANIZATIONNAME = GK;
				TargetAttributes = {
					0470DA3A2392DC6400DDAFCB = {
						CreatedOnToolsVersion = 11.2.1;
					};
				};
			};
			buildConfigurationList = 0470DA362392DC6400DDAFCB /* Build configuration list for PBXProject "AdventOfCode2019" */;
			compatibilityVersion = "Xcode 9.3";
			developmentRegion = en;
			hasScannedForEncodings = 0;
			knownRegions = (
				en,
				Base,
			);
			mainGroup = 0470DA322392DC6400DDAFCB;
			productRefGroup = 0470DA3C2392DC6400DDAFCB /* Products */;
			projectDirPath = "";
			projectRoot = "";
			targets = (
				0470DA3A2392DC6400DDAFCB /* AdventOfCode2019 */,
			);
		};
/* End PBXProject section */

/* Begin PBXResourcesBuildPhase section */
		0470DA392392DC6400DDAFCB /* Resources */ = {
			isa = PBXResourcesBuildPhase;
			buildActionMask = 2147483647;
			files = (
				0496B4A623A0E34000501D2F /* Day11Input in Resources */,
				0470DA4B2392DC6500DDAFCB /* LaunchScreen.storyboard in Resources */,
				047095E223A3F1C100D1E9EC /* Day13Input in Resources */,
				04D5E92A239E2CBC002BCD3B /* Day09Input in Resources */,
				04D5E920239D33F9002BCD3B /* Day08Input in Resources */,
				04666DCE2398C483002B408C /* Day05Input in Resources */,
				0410E7CD23A9484F00916D5B /* Day17Input in Resources */,
				045B0084239FB033001D4C03 /* Day10Input in Resources */,
				04CDAB0E2396FA55006CB388 /* Day04Input_2018 in Resources */,
				04666DD82399B535002B408C /* Day06Input in Resources */,
				049899B523A22A93004CF0FB /* Day12Input in Resources */,
				04BB05B223A670FF0080DFC1 /* Day15Input in Resources */,
				04666DC9239858C7002B408C /* Day05Input_2018 in Resources */,
				0470DA482392DC6500DDAFCB /* Assets.xcassets in Resources */,
				048534F323AE83BB005387AE /* Day20Input in Resources */,
				04CDAB05239622BF006CB388 /* Day03Input in Resources */,
				0470DA7D2394D6FC00DDAFCB /* Day02Input in Resources */,
				0470DA462392DC6400DDAFCB /* Main.storyboard in Resources */,
				0470DA6D2394461800DDAFCB /* Day1Input_2018 in Resources */,
				0470DA78239455A800DDAFCB /* Day03Input_2018 in Resources */,
				0410E7D723AB8B2B00916D5B /* Day19Input in Resources */,
				047095E723A5008A00D1E9EC /* Day14Input in Resources */,
				0470DA7323944C9500DDAFCB /* Day2Input_2018 in Resources */,
				049925D423A2FD0D004C840F /* Day06Input_2018 in Resources */,
				0470DA592392E19900DDAFCB /* Day01Input in Resources */,
				04B93331239BFFE300B543A7 /* Day07Input in Resources */,
				0410E7C823A7FAC800916D5B /* Day16Input in Resources */,
			);
			runOnlyForDeploymentPostprocessing = 0;
		};
/* End PBXResourcesBuildPhase section */

/* Begin PBXSourcesBuildPhase section */
		0470DA372392DC6400DDAFCB /* Sources */ = {
			isa = PBXSourcesBuildPhase;
			buildActionMask = 2147483647;
			files = (
				049925D223A2F068004C840F /* Day06VC_2018.swift in Sources */,
				0470DA6923943CDD00DDAFCB /* Overview2018ViewController.swift in Sources */,
				04B93335239C8E2F00B543A7 /* Node.swift in Sources */,
				049899AF23A22134004CF0FB /* Day12VC.swift in Sources */,
				0470DA5B2392E48A00DDAFCB /* FileLoader.swift in Sources */,
				0470DA542392DD0A00DDAFCB /* UIView+Ext.swift in Sources */,
				0410E7C623A7FABF00916D5B /* Day16VC.swift in Sources */,
				045B0082239FAFEA001D4C03 /* Day10VC.swift in Sources */,
				0470DA662393E30900DDAFCB /* Day02VC.swift in Sources */,
				0496B4A423A0DF9700501D2F /* Day11VC.swift in Sources */,
				0470DA712394495300DDAFCB /* Day02VC_2018.swift in Sources */,
				049899AC23A19F85004CF0FB /* Direction.swift in Sources */,
				0470DA432392DC6400DDAFCB /* Overview2019ViewController.swift in Sources */,
				0410E7CB23A9484400916D5B /* Day17VC.swift in Sources */,
				0470DA572392E0CB00DDAFCB /* Day01VC.swift in Sources */,
				04CDAB072396DE9E006CB388 /* IntPoint.swift in Sources */,
				0470DA3F2392DC6400DDAFCB /* AppDelegate.swift in Sources */,
				04B93333239C859400B543A7 /* Misc.swift in Sources */,
				0410E7D523AB8B0B00916D5B /* Day19VC.swift in Sources */,
				0470DA412392DC6400DDAFCB /* SceneDelegate.swift in Sources */,
				04BB05B023A66D2E0080DFC1 /* Day15VC.swift in Sources */,
				0470DA6B23943D0700DDAFCB /* Day01VC_2018.swift in Sources */,
				04CDAB11239712C9006CB388 /* Day04VC.swift in Sources */,
				04D5E928239E2CB1002BCD3B /* Day09VC.swift in Sources */,
				04CDAB18239853E3006CB388 /* Day05VC_2018.swift in Sources */,
				048534F123AE837B005387AE /* Day20VC.swift in Sources */,
				04666DD62399B4F3002B408C /* Day06VC.swift in Sources */,
				04CDAB092396DF5E006CB388 /* IntMachine.swift in Sources */,
				04CDAB152398538B006CB388 /* String+Ext.swift in Sources */,
				049234E623A16B6900697D9D /* IntImage.swift in Sources */,
				04666DCC2398C430002B408C /* Day05VC.swift in Sources */,
				04CDAB0323962299006CB388 /* Day03VC.swift in Sources */,
				0470DA612393D3EF00DDAFCB /* AoCVC.swift in Sources */,
				0470DA762394516F00DDAFCB /* Day03VC_2018.swift in Sources */,
				0470DA632393DD1C00DDAFCB /* Math.swift in Sources */,
				047095E523A5006500D1E9EC /* Day14VC.swift in Sources */,
				04B566B323A6E211003DABA0 /* IntAStar.swift in Sources */,
				04D5E91E239D33CB002BCD3B /* Day08VC.swift in Sources */,
				04B9332F239BFFD400B543A7 /* Day07VC.swift in Sources */,
				04CDAB0C2396FA45006CB388 /* Day04VC_2018.swift in Sources */,
				047095E023A3F1B700D1E9EC /* Day13VC.swift in Sources */,
			);
			runOnlyForDeploymentPostprocessing = 0;
		};
/* End PBXSourcesBuildPhase section */

/* Begin PBXVariantGroup section */
		0470DA442392DC6400DDAFCB /* Main.storyboard */ = {
			isa = PBXVariantGroup;
			children = (
				0470DA452392DC6400DDAFCB /* Base */,
			);
			name = Main.storyboard;
			sourceTree = "<group>";
		};
		0470DA492392DC6500DDAFCB /* LaunchScreen.storyboard */ = {
			isa = PBXVariantGroup;
			children = (
				0470DA4A2392DC6500DDAFCB /* Base */,
			);
			name = LaunchScreen.storyboard;
			sourceTree = "<group>";
		};
/* End PBXVariantGroup section */

/* Begin XCBuildConfiguration section */
		0470DA4D2392DC6500DDAFCB /* Debug */ = {
			isa = XCBuildConfiguration;
			buildSettings = {
				ALWAYS_SEARCH_USER_PATHS = NO;
				CLANG_ANALYZER_NONNULL = YES;
				CLANG_ANALYZER_NUMBER_OBJECT_CONVERSION = YES_AGGRESSIVE;
				CLANG_CXX_LANGUAGE_STANDARD = "gnu++14";
				CLANG_CXX_LIBRARY = "libc++";
				CLANG_ENABLE_MODULES = YES;
				CLANG_ENABLE_OBJC_ARC = YES;
				CLANG_ENABLE_OBJC_WEAK = YES;
				CLANG_WARN_BLOCK_CAPTURE_AUTORELEASING = YES;
				CLANG_WARN_BOOL_CONVERSION = YES;
				CLANG_WARN_COMMA = YES;
				CLANG_WARN_CONSTANT_CONVERSION = YES;
				CLANG_WARN_DEPRECATED_OBJC_IMPLEMENTATIONS = YES;
				CLANG_WARN_DIRECT_OBJC_ISA_USAGE = YES_ERROR;
				CLANG_WARN_DOCUMENTATION_COMMENTS = YES;
				CLANG_WARN_EMPTY_BODY = YES;
				CLANG_WARN_ENUM_CONVERSION = YES;
				CLANG_WARN_INFINITE_RECURSION = YES;
				CLANG_WARN_INT_CONVERSION = YES;
				CLANG_WARN_NON_LITERAL_NULL_CONVERSION = YES;
				CLANG_WARN_OBJC_IMPLICIT_RETAIN_SELF = YES;
				CLANG_WARN_OBJC_LITERAL_CONVERSION = YES;
				CLANG_WARN_OBJC_ROOT_CLASS = YES_ERROR;
				CLANG_WARN_RANGE_LOOP_ANALYSIS = YES;
				CLANG_WARN_STRICT_PROTOTYPES = YES;
				CLANG_WARN_SUSPICIOUS_MOVE = YES;
				CLANG_WARN_UNGUARDED_AVAILABILITY = YES_AGGRESSIVE;
				CLANG_WARN_UNREACHABLE_CODE = YES;
				CLANG_WARN__DUPLICATE_METHOD_MATCH = YES;
				COPY_PHASE_STRIP = NO;
				DEBUG_INFORMATION_FORMAT = dwarf;
				ENABLE_STRICT_OBJC_MSGSEND = YES;
				ENABLE_TESTABILITY = YES;
				GCC_C_LANGUAGE_STANDARD = gnu11;
				GCC_DYNAMIC_NO_PIC = NO;
				GCC_NO_COMMON_BLOCKS = YES;
				GCC_OPTIMIZATION_LEVEL = 0;
				GCC_PREPROCESSOR_DEFINITIONS = (
					"DEBUG=1",
					"$(inherited)",
				);
				GCC_WARN_64_TO_32_BIT_CONVERSION = YES;
				GCC_WARN_ABOUT_RETURN_TYPE = YES_ERROR;
				GCC_WARN_UNDECLARED_SELECTOR = YES;
				GCC_WARN_UNINITIALIZED_AUTOS = YES_AGGRESSIVE;
				GCC_WARN_UNUSED_FUNCTION = YES;
				GCC_WARN_UNUSED_VARIABLE = YES;
				IPHONEOS_DEPLOYMENT_TARGET = 13.2;
				MTL_ENABLE_DEBUG_INFO = INCLUDE_SOURCE;
				MTL_FAST_MATH = YES;
				ONLY_ACTIVE_ARCH = YES;
				SDKROOT = iphoneos;
				SWIFT_ACTIVE_COMPILATION_CONDITIONS = DEBUG;
				SWIFT_OPTIMIZATION_LEVEL = "-Onone";
			};
			name = Debug;
		};
		0470DA4E2392DC6500DDAFCB /* Release */ = {
			isa = XCBuildConfiguration;
			buildSettings = {
				ALWAYS_SEARCH_USER_PATHS = NO;
				CLANG_ANALYZER_NONNULL = YES;
				CLANG_ANALYZER_NUMBER_OBJECT_CONVERSION = YES_AGGRESSIVE;
				CLANG_CXX_LANGUAGE_STANDARD = "gnu++14";
				CLANG_CXX_LIBRARY = "libc++";
				CLANG_ENABLE_MODULES = YES;
				CLANG_ENABLE_OBJC_ARC = YES;
				CLANG_ENABLE_OBJC_WEAK = YES;
				CLANG_WARN_BLOCK_CAPTURE_AUTORELEASING = YES;
				CLANG_WARN_BOOL_CONVERSION = YES;
				CLANG_WARN_COMMA = YES;
				CLANG_WARN_CONSTANT_CONVERSION = YES;
				CLANG_WARN_DEPRECATED_OBJC_IMPLEMENTATIONS = YES;
				CLANG_WARN_DIRECT_OBJC_ISA_USAGE = YES_ERROR;
				CLANG_WARN_DOCUMENTATION_COMMENTS = YES;
				CLANG_WARN_EMPTY_BODY = YES;
				CLANG_WARN_ENUM_CONVERSION = YES;
				CLANG_WARN_INFINITE_RECURSION = YES;
				CLANG_WARN_INT_CONVERSION = YES;
				CLANG_WARN_NON_LITERAL_NULL_CONVERSION = YES;
				CLANG_WARN_OBJC_IMPLICIT_RETAIN_SELF = YES;
				CLANG_WARN_OBJC_LITERAL_CONVERSION = YES;
				CLANG_WARN_OBJC_ROOT_CLASS = YES_ERROR;
				CLANG_WARN_RANGE_LOOP_ANALYSIS = YES;
				CLANG_WARN_STRICT_PROTOTYPES = YES;
				CLANG_WARN_SUSPICIOUS_MOVE = YES;
				CLANG_WARN_UNGUARDED_AVAILABILITY = YES_AGGRESSIVE;
				CLANG_WARN_UNREACHABLE_CODE = YES;
				CLANG_WARN__DUPLICATE_METHOD_MATCH = YES;
				COPY_PHASE_STRIP = NO;
				DEBUG_INFORMATION_FORMAT = "dwarf-with-dsym";
				ENABLE_NS_ASSERTIONS = NO;
				ENABLE_STRICT_OBJC_MSGSEND = YES;
				GCC_C_LANGUAGE_STANDARD = gnu11;
				GCC_NO_COMMON_BLOCKS = YES;
				GCC_WARN_64_TO_32_BIT_CONVERSION = YES;
				GCC_WARN_ABOUT_RETURN_TYPE = YES_ERROR;
				GCC_WARN_UNDECLARED_SELECTOR = YES;
				GCC_WARN_UNINITIALIZED_AUTOS = YES_AGGRESSIVE;
				GCC_WARN_UNUSED_FUNCTION = YES;
				GCC_WARN_UNUSED_VARIABLE = YES;
				IPHONEOS_DEPLOYMENT_TARGET = 13.2;
				MTL_ENABLE_DEBUG_INFO = NO;
				MTL_FAST_MATH = YES;
				SDKROOT = iphoneos;
				SWIFT_COMPILATION_MODE = wholemodule;
				SWIFT_OPTIMIZATION_LEVEL = "-O";
				VALIDATE_PRODUCT = YES;
			};
			name = Release;
		};
		0470DA502392DC6500DDAFCB /* Debug */ = {
			isa = XCBuildConfiguration;
			buildSettings = {
				ASSETCATALOG_COMPILER_APPICON_NAME = AppIcon;
				CODE_SIGN_STYLE = Automatic;
				DEVELOPMENT_TEAM = UMDMXH9PFW;
				INFOPLIST_FILE = AdventOfCode2019/Info.plist;
				LD_RUNPATH_SEARCH_PATHS = (
					"$(inherited)",
					"@executable_path/Frameworks",
				);
				PRODUCT_BUNDLE_IDENTIFIER = no.gk.AdventOfCode2019;
				PRODUCT_NAME = "$(TARGET_NAME)";
				SWIFT_VERSION = 5.0;
				TARGETED_DEVICE_FAMILY = "1,2";
			};
			name = Debug;
		};
		0470DA512392DC6500DDAFCB /* Release */ = {
			isa = XCBuildConfiguration;
			buildSettings = {
				ASSETCATALOG_COMPILER_APPICON_NAME = AppIcon;
				CODE_SIGN_STYLE = Automatic;
				DEVELOPMENT_TEAM = UMDMXH9PFW;
				INFOPLIST_FILE = AdventOfCode2019/Info.plist;
				LD_RUNPATH_SEARCH_PATHS = (
					"$(inherited)",
					"@executable_path/Frameworks",
				);
				PRODUCT_BUNDLE_IDENTIFIER = no.gk.AdventOfCode2019;
				PRODUCT_NAME = "$(TARGET_NAME)";
				SWIFT_VERSION = 5.0;
				TARGETED_DEVICE_FAMILY = "1,2";
			};
			name = Release;
		};
/* End XCBuildConfiguration section */

/* Begin XCConfigurationList section */
		0470DA362392DC6400DDAFCB /* Build configuration list for PBXProject "AdventOfCode2019" */ = {
			isa = XCConfigurationList;
			buildConfigurations = (
				0470DA4D2392DC6500DDAFCB /* Debug */,
				0470DA4E2392DC6500DDAFCB /* Release */,
			);
			defaultConfigurationIsVisible = 0;
			defaultConfigurationName = Release;
		};
		0470DA4F2392DC6500DDAFCB /* Build configuration list for PBXNativeTarget "AdventOfCode2019" */ = {
			isa = XCConfigurationList;
			buildConfigurations = (
				0470DA502392DC6500DDAFCB /* Debug */,
				0470DA512392DC6500DDAFCB /* Release */,
			);
			defaultConfigurationIsVisible = 0;
			defaultConfigurationName = Release;
		};
/* End XCConfigurationList section */
	};
	rootObject = 0470DA332392DC6400DDAFCB /* Project object */;
}
